// !$*UTF8*$!
{
	archiveVersion = 1;
	classes = {
	};
	objectVersion = 56;
	objects = {

/* Begin PBXBuildFile section */
		933A952B2BCE5D7400D19864 /* Item.swift in Sources */ = {isa = PBXBuildFile; fileRef = 933A952A2BCE5D7400D19864 /* Item.swift */; };
		933A952D2BCE5D7500D19864 /* Assets.xcassets in Resources */ = {isa = PBXBuildFile; fileRef = 933A952C2BCE5D7500D19864 /* Assets.xcassets */; };
		933A95302BCE5D7500D19864 /* Preview Assets.xcassets in Resources */ = {isa = PBXBuildFile; fileRef = 933A952F2BCE5D7500D19864 /* Preview Assets.xcassets */; };
		933A95372BCE5DFC00D19864 /* ContentView.swift in Sources */ = {isa = PBXBuildFile; fileRef = 933A95362BCE5DFC00D19864 /* ContentView.swift */; };
		933A953B2BCE5E1A00D19864 /* DailyWordsView.swift in Sources */ = {isa = PBXBuildFile; fileRef = 933A95382BCE5E1A00D19864 /* DailyWordsView.swift */; };
		933A953C2BCE5E1A00D19864 /* extension.swift in Sources */ = {isa = PBXBuildFile; fileRef = 933A95392BCE5E1A00D19864 /* extension.swift */; };
		933A953D2BCE5E1A00D19864 /* CustomWordCardsApp.swift in Sources */ = {isa = PBXBuildFile; fileRef = 933A953A2BCE5E1A00D19864 /* CustomWordCardsApp.swift */; };
		933A953F2BCE5E2500D19864 /* NewWordView.swift in Sources */ = {isa = PBXBuildFile; fileRef = 933A953E2BCE5E2500D19864 /* NewWordView.swift */; };
		933A95412BCE5E2A00D19864 /* QuizCardView.swift in Sources */ = {isa = PBXBuildFile; fileRef = 933A95402BCE5E2A00D19864 /* QuizCardView.swift */; };
		933A95432BCE5E3000D19864 /* WordModel.swift in Sources */ = {isa = PBXBuildFile; fileRef = 933A95422BCE5E3000D19864 /* WordModel.swift */; };
/* End PBXBuildFile section */

/* Begin PBXFileReference section */
		933A95232BCE5D7400D19864 /* CustomWordCards.app */ = {isa = PBXFileReference; explicitFileType = wrapper.application; includeInIndex = 0; path = CustomWordCards.app; sourceTree = BUILT_PRODUCTS_DIR; };
		933A952A2BCE5D7400D19864 /* Item.swift */ = {isa = PBXFileReference; lastKnownFileType = sourcecode.swift; path = Item.swift; sourceTree = "<group>"; };
		933A952C2BCE5D7500D19864 /* Assets.xcassets */ = {isa = PBXFileReference; lastKnownFileType = folder.assetcatalog; path = Assets.xcassets; sourceTree = "<group>"; };
		933A952F2BCE5D7500D19864 /* Preview Assets.xcassets */ = {isa = PBXFileReference; lastKnownFileType = folder.assetcatalog; path = "Preview Assets.xcassets"; sourceTree = "<group>"; };
		933A95362BCE5DFC00D19864 /* ContentView.swift */ = {isa = PBXFileReference; fileEncoding = 4; lastKnownFileType = sourcecode.swift; name = ContentView.swift; path = ../../../../../CustomWordCards/CustomWordCards/ContentView.swift; sourceTree = "<group>"; };
		933A95382BCE5E1A00D19864 /* DailyWordsView.swift */ = {isa = PBXFileReference; fileEncoding = 4; lastKnownFileType = sourcecode.swift; name = DailyWordsView.swift; path = ../../../../../CustomWordCards/CustomWordCards/DailyWordsView.swift; sourceTree = "<group>"; };
		933A95392BCE5E1A00D19864 /* extension.swift */ = {isa = PBXFileReference; fileEncoding = 4; lastKnownFileType = sourcecode.swift; name = extension.swift; path = ../../../../../CustomWordCards/CustomWordCards/extension.swift; sourceTree = "<group>"; };
		933A953A2BCE5E1A00D19864 /* CustomWordCardsApp.swift */ = {isa = PBXFileReference; fileEncoding = 4; lastKnownFileType = sourcecode.swift; name = CustomWordCardsApp.swift; path = ../../../../../CustomWordCards/CustomWordCards/CustomWordCardsApp.swift; sourceTree = "<group>"; };
		933A953E2BCE5E2500D19864 /* NewWordView.swift */ = {isa = PBXFileReference; fileEncoding = 4; lastKnownFileType = sourcecode.swift; name = NewWordView.swift; path = ../../../../../CustomWordCards/CustomWordCards/NewWordView.swift; sourceTree = "<group>"; };
		933A95402BCE5E2A00D19864 /* QuizCardView.swift */ = {isa = PBXFileReference; fileEncoding = 4; lastKnownFileType = sourcecode.swift; name = QuizCardView.swift; path = ../../../../../CustomWordCards/CustomWordCards/QuizCardView.swift; sourceTree = "<group>"; };
		933A95422BCE5E3000D19864 /* WordModel.swift */ = {isa = PBXFileReference; fileEncoding = 4; lastKnownFileType = sourcecode.swift; name = WordModel.swift; path = ../../../../../CustomWordCards/CustomWordCards/WordModel.swift; sourceTree = "<group>"; };
/* End PBXFileReference section */

/* Begin PBXFrameworksBuildPhase section */
		933A95202BCE5D7400D19864 /* Frameworks */ = {
			isa = PBXFrameworksBuildPhase;
			buildActionMask = 2147483647;
			files = (
			);
			runOnlyForDeploymentPostprocessing = 0;
		};
/* End PBXFrameworksBuildPhase section */

/* Begin PBXGroup section */
		933A951A2BCE5D7400D19864 = {
			isa = PBXGroup;
			children = (
				933A95252BCE5D7400D19864 /* CustomWordCards */,
				933A95242BCE5D7400D19864 /* Products */,
			);
			sourceTree = "<group>";
		};
		933A95242BCE5D7400D19864 /* Products */ = {
			isa = PBXGroup;
			children = (
				933A95232BCE5D7400D19864 /* CustomWordCards.app */,
			);
			name = Products;
			sourceTree = "<group>";
		};
		933A95252BCE5D7400D19864 /* CustomWordCards */ = {
			isa = PBXGroup;
			children = (
				933A95392BCE5E1A00D19864 /* extension.swift */,
				933A953A2BCE5E1A00D19864 /* CustomWordCardsApp.swift */,
				933A95362BCE5DFC00D19864 /* ContentView.swift */,
				933A953E2BCE5E2500D19864 /* NewWordView.swift */,
				933A95402BCE5E2A00D19864 /* QuizCardView.swift */,
				933A95382BCE5E1A00D19864 /* DailyWordsView.swift */,
				933A952A2BCE5D7400D19864 /* Item.swift */,
				933A95422BCE5E3000D19864 /* WordModel.swift */,
				933A952C2BCE5D7500D19864 /* Assets.xcassets */,
				933A952E2BCE5D7500D19864 /* Preview Content */,
			);
			path = CustomWordCards;
			sourceTree = "<group>";
		};
		933A952E2BCE5D7500D19864 /* Preview Content */ = {
			isa = PBXGroup;
			children = (
				933A952F2BCE5D7500D19864 /* Preview Assets.xcassets */,
			);
			path = "Preview Content";
			sourceTree = "<group>";
		};
/* End PBXGroup section */

/* Begin PBXNativeTarget section */
		933A95222BCE5D7400D19864 /* CustomWordCards */ = {
			isa = PBXNativeTarget;
			buildConfigurationList = 933A95332BCE5D7500D19864 /* Build configuration list for PBXNativeTarget "CustomWordCards" */;
			buildPhases = (
				933A951F2BCE5D7400D19864 /* Sources */,
				933A95202BCE5D7400D19864 /* Frameworks */,
				933A95212BCE5D7400D19864 /* Resources */,
			);
			buildRules = (
			);
			dependencies = (
			);
			name = CustomWordCards;
			productName = CustomWordCards;
			productReference = 933A95232BCE5D7400D19864 /* CustomWordCards.app */;
			productType = "com.apple.product-type.application";
		};
/* End PBXNativeTarget section */

/* Begin PBXProject section */
		933A951B2BCE5D7400D19864 /* Project object */ = {
			isa = PBXProject;
			attributes = {
				BuildIndependentTargetsInParallel = 1;
				LastSwiftUpdateCheck = 1520;
				LastUpgradeCheck = 1520;
				TargetAttributes = {
					933A95222BCE5D7400D19864 = {
						CreatedOnToolsVersion = 15.2;
					};
				};
			};
			buildConfigurationList = 933A951E2BCE5D7400D19864 /* Build configuration list for PBXProject "CustomWordCards" */;
			compatibilityVersion = "Xcode 14.0";
			developmentRegion = en;
			hasScannedForEncodings = 0;
			knownRegions = (
				en,
				Base,
			);
			mainGroup = 933A951A2BCE5D7400D19864;
			productRefGroup = 933A95242BCE5D7400D19864 /* Products */;
			projectDirPath = "";
			projectRoot = "";
			targets = (
				933A95222BCE5D7400D19864 /* CustomWordCards */,
			);
		};
/* End PBXProject section */

/* Begin PBXResourcesBuildPhase section */
		933A95212BCE5D7400D19864 /* Resources */ = {
			isa = PBXResourcesBuildPhase;
			buildActionMask = 2147483647;
			files = (
				933A95302BCE5D7500D19864 /* Preview Assets.xcassets in Resources */,
				933A952D2BCE5D7500D19864 /* Assets.xcassets in Resources */,
			);
			runOnlyForDeploymentPostprocessing = 0;
		};
/* End PBXResourcesBuildPhase section */

/* Begin PBXSourcesBuildPhase section */
		933A951F2BCE5D7400D19864 /* Sources */ = {
			isa = PBXSourcesBuildPhase;
			buildActionMask = 2147483647;
			files = (
				933A952B2BCE5D7400D19864 /* Item.swift in Sources */,
				933A953F2BCE5E2500D19864 /* NewWordView.swift in Sources */,
				933A953D2BCE5E1A00D19864 /* CustomWordCardsApp.swift in Sources */,
				933A953B2BCE5E1A00D19864 /* DailyWordsView.swift in Sources */,
				933A95372BCE5DFC00D19864 /* ContentView.swift in Sources */,
				933A95412BCE5E2A00D19864 /* QuizCardView.swift in Sources */,
				933A953C2BCE5E1A00D19864 /* extension.swift in Sources */,
				933A95432BCE5E3000D19864 /* WordModel.swift in Sources */,
			);
			runOnlyForDeploymentPostprocessing = 0;
		};
/* End PBXSourcesBuildPhase section */

/* Begin XCBuildConfiguration section */
		933A95312BCE5D7500D19864 /* Debug */ = {
			isa = XCBuildConfiguration;
			buildSettings = {
				ALWAYS_SEARCH_USER_PATHS = NO;
				ASSETCATALOG_COMPILER_GENERATE_SWIFT_ASSET_SYMBOL_EXTENSIONS = YES;
				CLANG_ANALYZER_NONNULL = YES;
				CLANG_ANALYZER_NUMBER_OBJECT_CONVERSION = YES_AGGRESSIVE;
				CLANG_CXX_LANGUAGE_STANDARD = "gnu++20";
				CLANG_ENABLE_MODULES = YES;
				CLANG_ENABLE_OBJC_ARC = YES;
				CLANG_ENABLE_OBJC_WEAK = YES;
				CLANG_WARN_BLOCK_CAPTURE_AUTORELEASING = YES;
				CLANG_WARN_BOOL_CONVERSION = YES;
				CLANG_WARN_COMMA = YES;
				CLANG_WARN_CONSTANT_CONVERSION = YES;
				CLANG_WARN_DEPRECATED_OBJC_IMPLEMENTATIONS = YES;
				CLANG_WARN_DIRECT_OBJC_ISA_USAGE = YES_ERROR;
				CLANG_WARN_DOCUMENTATION_COMMENTS = YES;
				CLANG_WARN_EMPTY_BODY = YES;
				CLANG_WARN_ENUM_CONVERSION = YES;
				CLANG_WARN_INFINITE_RECURSION = YES;
				CLANG_WARN_INT_CONVERSION = YES;
				CLANG_WARN_NON_LITERAL_NULL_CONVERSION = YES;
				CLANG_WARN_OBJC_IMPLICIT_RETAIN_SELF = YES;
				CLANG_WARN_OBJC_LITERAL_CONVERSION = YES;
				CLANG_WARN_OBJC_ROOT_CLASS = YES_ERROR;
				CLANG_WARN_QUOTED_INCLUDE_IN_FRAMEWORK_HEADER = YES;
				CLANG_WARN_RANGE_LOOP_ANALYSIS = YES;
				CLANG_WARN_STRICT_PROTOTYPES = YES;
				CLANG_WARN_SUSPICIOUS_MOVE = YES;
				CLANG_WARN_UNGUARDED_AVAILABILITY = YES_AGGRESSIVE;
				CLANG_WARN_UNREACHABLE_CODE = YES;
				CLANG_WARN__DUPLICATE_METHOD_MATCH = YES;
				COPY_PHASE_STRIP = NO;
				DEBUG_INFORMATION_FORMAT = dwarf;
				ENABLE_STRICT_OBJC_MSGSEND = YES;
				ENABLE_TESTABILITY = YES;
				ENABLE_USER_SCRIPT_SANDBOXING = YES;
				GCC_C_LANGUAGE_STANDARD = gnu17;
				GCC_DYNAMIC_NO_PIC = NO;
				GCC_NO_COMMON_BLOCKS = YES;
				GCC_OPTIMIZATION_LEVEL = 0;
				GCC_PREPROCESSOR_DEFINITIONS = (
					"DEBUG=1",
					"$(inherited)",
				);
				GCC_WARN_64_TO_32_BIT_CONVERSION = YES;
				GCC_WARN_ABOUT_RETURN_TYPE = YES_ERROR;
				GCC_WARN_UNDECLARED_SELECTOR = YES;
				GCC_WARN_UNINITIALIZED_AUTOS = YES_AGGRESSIVE;
				GCC_WARN_UNUSED_FUNCTION = YES;
				GCC_WARN_UNUSED_VARIABLE = YES;
				IPHONEOS_DEPLOYMENT_TARGET = 17.2;
				LOCALIZATION_PREFERS_STRING_CATALOGS = YES;
				MTL_ENABLE_DEBUG_INFO = INCLUDE_SOURCE;
				MTL_FAST_MATH = YES;
				ONLY_ACTIVE_ARCH = YES;
				SDKROOT = iphoneos;
				SWIFT_ACTIVE_COMPILATION_CONDITIONS = "DEBUG $(inherited)";
				SWIFT_OPTIMIZATION_LEVEL = "-Onone";
			};
			name = Debug;
		};
		933A95322BCE5D7500D19864 /* Release */ = {
			isa = XCBuildConfiguration;
			buildSettings = {
				ALWAYS_SEARCH_USER_PATHS = NO;
				ASSETCATALOG_COMPILER_GENERATE_SWIFT_ASSET_SYMBOL_EXTENSIONS = YES;
				CLANG_ANALYZER_NONNULL = YES;
				CLANG_ANALYZER_NUMBER_OBJECT_CONVERSION = YES_AGGRESSIVE;
				CLANG_CXX_LANGUAGE_STANDARD = "gnu++20";
				CLANG_ENABLE_MODULES = YES;
				CLANG_ENABLE_OBJC_ARC = YES;
				CLANG_ENABLE_OBJC_WEAK = YES;
				CLANG_WARN_BLOCK_CAPTURE_AUTORELEASING = YES;
				CLANG_WARN_BOOL_CONVERSION = YES;
				CLANG_WARN_COMMA = YES;
				CLANG_WARN_CONSTANT_CONVERSION = YES;
				CLANG_WARN_DEPRECATED_OBJC_IMPLEMENTATIONS = YES;
				CLANG_WARN_DIRECT_OBJC_ISA_USAGE = YES_ERROR;
				CLANG_WARN_DOCUMENTATION_COMMENTS = YES;
				CLANG_WARN_EMPTY_BODY = YES;
				CLANG_WARN_ENUM_CONVERSION = YES;
				CLANG_WARN_INFINITE_RECURSION = YES;
				CLANG_WARN_INT_CONVERSION = YES;
				CLANG_WARN_NON_LITERAL_NULL_CONVERSION = YES;
				CLANG_WARN_OBJC_IMPLICIT_RETAIN_SELF = YES;
				CLANG_WARN_OBJC_LITERAL_CONVERSION = YES;
				CLANG_WARN_OBJC_ROOT_CLASS = YES_ERROR;
				CLANG_WARN_QUOTED_INCLUDE_IN_FRAMEWORK_HEADER = YES;
				CLANG_WARN_RANGE_LOOP_ANALYSIS = YES;
				CLANG_WARN_STRICT_PROTOTYPES = YES;
				CLANG_WARN_SUSPICIOUS_MOVE = YES;
				CLANG_WARN_UNGUARDED_AVAILABILITY = YES_AGGRESSIVE;
				CLANG_WARN_UNREACHABLE_CODE = YES;
				CLANG_WARN__DUPLICATE_METHOD_MATCH = YES;
				COPY_PHASE_STRIP = NO;
				DEBUG_INFORMATION_FORMAT = "dwarf-with-dsym";
				ENABLE_NS_ASSERTIONS = NO;
				ENABLE_STRICT_OBJC_MSGSEND = YES;
				ENABLE_USER_SCRIPT_SANDBOXING = YES;
				GCC_C_LANGUAGE_STANDARD = gnu17;
				GCC_NO_COMMON_BLOCKS = YES;
				GCC_WARN_64_TO_32_BIT_CONVERSION = YES;
				GCC_WARN_ABOUT_RETURN_TYPE = YES_ERROR;
				GCC_WARN_UNDECLARED_SELECTOR = YES;
				GCC_WARN_UNINITIALIZED_AUTOS = YES_AGGRESSIVE;
				GCC_WARN_UNUSED_FUNCTION = YES;
				GCC_WARN_UNUSED_VARIABLE = YES;
				IPHONEOS_DEPLOYMENT_TARGET = 17.2;
				LOCALIZATION_PREFERS_STRING_CATALOGS = YES;
				MTL_ENABLE_DEBUG_INFO = NO;
				MTL_FAST_MATH = YES;
				SDKROOT = iphoneos;
				SWIFT_COMPILATION_MODE = wholemodule;
				VALIDATE_PRODUCT = YES;
			};
			name = Release;
		};
		933A95342BCE5D7500D19864 /* Debug */ = {
			isa = XCBuildConfiguration;
			buildSettings = {
				ASSETCATALOG_COMPILER_APPICON_NAME = AppIcon;
				ASSETCATALOG_COMPILER_GLOBAL_ACCENT_COLOR_NAME = AccentColor;
				CODE_SIGN_STYLE = Automatic;
				CURRENT_PROJECT_VERSION = 1;
				DEVELOPMENT_ASSET_PATHS = "\"CustomWordCards/Preview Content\"";
				DEVELOPMENT_TEAM = 4493B2X8J7;
				ENABLE_PREVIEWS = YES;
				GENERATE_INFOPLIST_FILE = YES;
				INFOPLIST_KEY_UIApplicationSceneManifest_Generation = YES;
				INFOPLIST_KEY_UIApplicationSupportsIndirectInputEvents = YES;
				INFOPLIST_KEY_UILaunchScreen_Generation = YES;
				INFOPLIST_KEY_UISupportedInterfaceOrientations_iPad = "UIInterfaceOrientationPortrait UIInterfaceOrientationPortraitUpsideDown UIInterfaceOrientationLandscapeLeft UIInterfaceOrientationLandscapeRight";
				INFOPLIST_KEY_UISupportedInterfaceOrientations_iPhone = "UIInterfaceOrientationPortrait UIInterfaceOrientationLandscapeLeft UIInterfaceOrientationLandscapeRight";
				LD_RUNPATH_SEARCH_PATHS = (
					"$(inherited)",
					"@executable_path/Frameworks",
				);
				MARKETING_VERSION = 1.0;
				PRODUCT_BUNDLE_IDENTIFIER = Bryan.CustomWordCards;
				PRODUCT_NAME = "$(TARGET_NAME)";
				SUPPORTED_PLATFORMS = "iphoneos iphonesimulator";
				SUPPORTS_MACCATALYST = NO;
				SUPPORTS_MAC_DESIGNED_FOR_IPHONE_IPAD = NO;
				SWIFT_EMIT_LOC_STRINGS = YES;
				SWIFT_VERSION = 5.0;
				TARGETED_DEVICE_FAMILY = "1,2";
			};
			name = Debug;
		};
		933A95352BCE5D7500D19864 /* Release */ = {
			isa = XCBuildConfiguration;
			buildSettings = {
				ASSETCATALOG_COMPILER_APPICON_NAME = AppIcon;
				ASSETCATALOG_COMPILER_GLOBAL_ACCENT_COLOR_NAME = AccentColor;
				CODE_SIGN_STYLE = Automatic;
				CURRENT_PROJECT_VERSION = 1;
				DEVELOPMENT_ASSET_PATHS = "\"CustomWordCards/Preview Content\"";
				DEVELOPMENT_TEAM = 4493B2X8J7;
				ENABLE_PREVIEWS = YES;
				GENERATE_INFOPLIST_FILE = YES;
				INFOPLIST_KEY_UIApplicationSceneManifest_Generation = YES;
				INFOPLIST_KEY_UIApplicationSupportsIndirectInputEvents = YES;
				INFOPLIST_KEY_UILaunchScreen_Generation = YES;
				INFOPLIST_KEY_UISupportedInterfaceOrientations_iPad = "UIInterfaceOrientationPortrait UIInterfaceOrientationPortraitUpsideDown UIInterfaceOrientationLandscapeLeft UIInterfaceOrientationLandscapeRight";
				INFOPLIST_KEY_UISupportedInterfaceOrientations_iPhone = "UIInterfaceOrientationPortrait UIInterfaceOrientationLandscapeLeft UIInterfaceOrientationLandscapeRight";
				LD_RUNPATH_SEARCH_PATHS = (
					"$(inherited)",
					"@executable_path/Frameworks",
				);
				MARKETING_VERSION = 1.0;
				PRODUCT_BUNDLE_IDENTIFIER = Bryan.CustomWordCards;
				PRODUCT_NAME = "$(TARGET_NAME)";
				SUPPORTED_PLATFORMS = "iphoneos iphonesimulator";
				SUPPORTS_MACCATALYST = NO;
				SUPPORTS_MAC_DESIGNED_FOR_IPHONE_IPAD = NO;
				SWIFT_EMIT_LOC_STRINGS = YES;
				SWIFT_VERSION = 5.0;
				TARGETED_DEVICE_FAMILY = "1,2";
			};
			name = Release;
		};
/* End XCBuildConfiguration section */

/* Begin XCConfigurationList section */
		933A951E2BCE5D7400D19864 /* Build configuration list for PBXProject "CustomWordCards" */ = {
			isa = XCConfigurationList;
			buildConfigurations = (
				933A95312BCE5D7500D19864 /* Debug */,
				933A95322BCE5D7500D19864 /* Release */,
			);
			defaultConfigurationIsVisible = 0;
			defaultConfigurationName = Release;
		};
		933A95332BCE5D7500D19864 /* Build configuration list for PBXNativeTarget "CustomWordCards" */ = {
			isa = XCConfigurationList;
			buildConfigurations = (
				933A95342BCE5D7500D19864 /* Debug */,
				933A95352BCE5D7500D19864 /* Release */,
			);
			defaultConfigurationIsVisible = 0;
			defaultConfigurationName = Release;
		};
/* End XCConfigurationList section */
	};
	rootObject = 933A951B2BCE5D7400D19864 /* Project object */;
}
